
Microsoft Visual Studio Solution File, Format Version 12.00
# Visual Studio 14
VisualStudioVersion = 14.0.25420.1
MinimumVisualStudioVersion = 10.0.40219.1
Project("{FAE04EC0-301F-11D3-BF4B-00C04F79EFBC}") = "CS_label_copy_text", "CS_label_copy_text\CS_label_copy_text.csproj", "{67995081-ABF9-44FE-9C4F-431EAFD786DD}"
EndProject
Global
	GlobalSection(SolutionConfigurationPlatforms) = preSolution
		Debug|Any CPU = Debug|Any CPU
		Release|Any CPU = Release|Any CPU
	EndGlobalSection
	GlobalSection(ProjectConfigurationPlatforms) = postSolution
		{67995081-ABF9-44FE-9C4F-431EAFD786DD}.Debug|Any CPU.ActiveCfg = Debug|Any CPU
		{67995081-ABF9-44FE-9C4F-431EAFD786DD}.Debug|Any CPU.Build.0 = Debug|Any CPU
		{67995081-ABF9-44FE-9C4F-431EAFD786DD}.Release|Any CPU.ActiveCfg = Release|Any CPU
		{67995081-ABF9-44FE-9C4F-431EAFD786DD}.Release|Any CPU.Build.0 = Release|Any CPU
	EndGlobalSection
	GlobalSection(SolutionProperties) = preSolution
		HideSolutionNode = FALSE
	EndGlobalSection
EndGlobal
